
Microsoft Visual Studio Solution File, Format Version 12.00
# Visual Studio Version 16
VisualStudioVersion = 16.0.29609.76
MinimumVisualStudioVersion = 10.0.40219.1
Project("{FAE04EC0-301F-11D3-BF4B-00C04F79EFBC}") = "GetGoldRate", "GetGoldRate\GetGoldRate.csproj", "{6AA4F47B-FB64-4455-AC0A-CD1F929FAA66}"
EndProject
Global
	GlobalSection(SolutionConfigurationPlatforms) = preSolution
		Debug|Any CPU = Debug|Any CPU
		Release|Any CPU = Release|Any CPU
	EndGlobalSection
	GlobalSection(ProjectConfigurationPlatforms) = postSolution
		{6AA4F47B-FB64-4455-AC0A-CD1F929FAA66}.Debug|Any CPU.ActiveCfg = Debug|Any CPU
		{6AA4F47B-FB64-4455-AC0A-CD1F929FAA66}.Debug|Any CPU.Build.0 = Debug|Any CPU
		{6AA4F47B-FB64-4455-AC0A-CD1F929FAA66}.Release|Any CPU.ActiveCfg = Release|Any CPU
		{6AA4F47B-FB64-4455-AC0A-CD1F929FAA66}.Release|Any CPU.Build.0 = Release|Any CPU
	EndGlobalSection
	GlobalSection(SolutionProperties) = preSolution
		HideSolutionNode = FALSE
	EndGlobalSection
	GlobalSection(ExtensibilityGlobals) = postSolution
		SolutionGuid = {D9091A8C-A801-495E-A561-C3B4487C8824}
	EndGlobalSection
EndGlobal
